
Microsoft Visual Studio Solution File, Format Version 12.00
# Visual Studio Version 17
VisualStudioVersion = 17.5.33530.505
MinimumVisualStudioVersion = 10.0.40219.1
Project("{FAE04EC0-301F-11D3-BF4B-00C04F79EFBC}") = "Manager", "Manager\Manager.csproj", "{023B8F4D-92AF-491E-8F16-7B808AB3F826}"
EndProject
Project("{FAE04EC0-301F-11D3-BF4B-00C04F79EFBC}") = "Accessor", "Accessor\Accessor.csproj", "{1FCF26BA-7731-41AD-AF01-FC7BF231BEFF}"
EndProject
Project("{E53339B2-1760-4266-BCC7-CA923CBCF16C}") = "docker-compose", "docker-compose.dcproj", "{6D9E37FF-25D9-41AC-853F-4E48D7BB8F0D}"
EndProject
Global
	GlobalSection(SolutionConfigurationPlatforms) = preSolution
		Debug|Any CPU = Debug|Any CPU
		Release|Any CPU = Release|Any CPU
	EndGlobalSection
	GlobalSection(ProjectConfigurationPlatforms) = postSolution
		{023B8F4D-92AF-491E-8F16-7B808AB3F826}.Debug|Any CPU.ActiveCfg = Debug|Any CPU
		{023B8F4D-92AF-491E-8F16-7B808AB3F826}.Debug|Any CPU.Build.0 = Debug|Any CPU
		{023B8F4D-92AF-491E-8F16-7B808AB3F826}.Release|Any CPU.ActiveCfg = Release|Any CPU
		{023B8F4D-92AF-491E-8F16-7B808AB3F826}.Release|Any CPU.Build.0 = Release|Any CPU
		{1FCF26BA-7731-41AD-AF01-FC7BF231BEFF}.Debug|Any CPU.ActiveCfg = Debug|Any CPU
		{1FCF26BA-7731-41AD-AF01-FC7BF231BEFF}.Debug|Any CPU.Build.0 = Debug|Any CPU
		{1FCF26BA-7731-41AD-AF01-FC7BF231BEFF}.Release|Any CPU.ActiveCfg = Release|Any CPU
		{1FCF26BA-7731-41AD-AF01-FC7BF231BEFF}.Release|Any CPU.Build.0 = Release|Any CPU
		{6D9E37FF-25D9-41AC-853F-4E48D7BB8F0D}.Debug|Any CPU.ActiveCfg = Debug|Any CPU
		{6D9E37FF-25D9-41AC-853F-4E48D7BB8F0D}.Debug|Any CPU.Build.0 = Debug|Any CPU
		{6D9E37FF-25D9-41AC-853F-4E48D7BB8F0D}.Release|Any CPU.ActiveCfg = Release|Any CPU
		{6D9E37FF-25D9-41AC-853F-4E48D7BB8F0D}.Release|Any CPU.Build.0 = Release|Any CPU
	EndGlobalSection
	GlobalSection(SolutionProperties) = preSolution
		HideSolutionNode = FALSE
	EndGlobalSection
	GlobalSection(ExtensibilityGlobals) = postSolution
		SolutionGuid = {28E45628-6E94-40D5-BA7D-71D688E2029F}
	EndGlobalSection
EndGlobal
